PODS:
  - FaviconFinder (3.3.0):
    - SwiftSoup (~> 2.3.7)
  - SwiftSoup (2.3.7)

DEPENDENCIES:
  - FaviconFinder (from `../`)

SPEC REPOS:
  trunk:
    - SwiftSoup

EXTERNAL SOURCES:
  FaviconFinder:
    :path: "../"

SPEC CHECKSUMS:
  FaviconFinder: 6a6bd1d0ef1cbeab9d20daa7c86a8cfe3bfd1dab
  SwiftSoup: 58e6228d50e89645f7345a3729929c5c2f25e4f2

PODFILE CHECKSUM: d2815a812f3c03df01e2913e4af391b0b2c917fe

COCOAPODS: 1.11.3
