PODS:
  - FaviconFinder (2.0.0):
    - SwiftSoup (~> 2.3.0)
  - SwiftSoup (2.3.0)

DEPENDENCIES:
  - FaviconFinder (from `../`)

SPEC REPOS:
  trunk:
    - SwiftSoup

EXTERNAL SOURCES:
  FaviconFinder:
    :path: "../"

SPEC CHECKSUMS:
  FaviconFinder: 892d111260e21afa07d46cc99b9b11036eaff462
  SwiftSoup: d78683f7ea0ae5733225a9e1d3bee5b256449df4

PODFILE CHECKSUM: cb75b1ec9eef108df883725f54a1ad31877632dd

COCOAPODS: 1.8.4
