PODS:
  - FaviconFinder (3.2.1):
    - SwiftSoup (~> 2.3.7)
  - SwiftSoup (2.3.7)

DEPENDENCIES:
  - FaviconFinder (from `../`)

SPEC REPOS:
  trunk:
    - SwiftSoup

EXTERNAL SOURCES:
  FaviconFinder:
    :path: "../"

SPEC CHECKSUMS:
  FaviconFinder: cda7139cb6d739807fe4a21a0e9d29e807b8e1c9
  SwiftSoup: 58e6228d50e89645f7345a3729929c5c2f25e4f2

PODFILE CHECKSUM: eb8da1b777f810bca9f3dfe363e41a5e08d91632

COCOAPODS: 1.11.2
