{
  "pins" : [
    {
      "identity" : "swiftsoup",
      "kind" : "remoteSourceControl",
      "location" : "https://github.com/scinfu/SwiftSoup.git",
      "state" : {
        "revision" : "f83c097597094a04124eb6e0d1e894d24129af87",
        "version" : "2.7.0"
      }
    }
  ],
  "version" : 2
}
