// !$*UTF8*$!
{
	archiveVersion = 1;
	classes = {
	};
	objectVersion = 48;
	objects = {

/* Begin PBXBuildFile section */
		6031398A9AE57430E50815BA /* Pods_FaviconFinder_iOS_Example.framework in Frameworks */ = {isa = PBXBuildFile; fileRef = 73D264E7952AED94626A0755 /* Pods_FaviconFinder_iOS_Example.framework */; };
		732DEED46B3B595E5840601D /* Pods_FaviconFinder_Tests.framework in Frameworks */ = {isa = PBXBuildFile; fileRef = 630C60C5784DCC190F8E2126 /* Pods_FaviconFinder_Tests.framework */; };
		880E99F98B30CD2FE6895A11 /* Pods_FaviconFinder_Example.framework in Frameworks */ = {isa = PBXBuildFile; fileRef = CA7C527B8CAE06B6FAAC37F6 /* Pods_FaviconFinder_Example.framework */; };
		BE21380A23F0D4FD00DCA2CB /* AppDelegate.swift in Sources */ = {isa = PBXBuildFile; fileRef = BE21380923F0D4FD00DCA2CB /* AppDelegate.swift */; };
		BE21380C23F0D4FD00DCA2CB /* SceneDelegate.swift in Sources */ = {isa = PBXBuildFile; fileRef = BE21380B23F0D4FD00DCA2CB /* SceneDelegate.swift */; };
		BE21380E23F0D4FD00DCA2CB /* ViewController.swift in Sources */ = {isa = PBXBuildFile; fileRef = BE21380D23F0D4FD00DCA2CB /* ViewController.swift */; };
		BE21381123F0D4FD00DCA2CB /* Main.storyboard in Resources */ = {isa = PBXBuildFile; fileRef = BE21380F23F0D4FD00DCA2CB /* Main.storyboard */; };
		BE21381323F0D4FF00DCA2CB /* Assets.xcassets in Resources */ = {isa = PBXBuildFile; fileRef = BE21381223F0D4FF00DCA2CB /* Assets.xcassets */; };
		BE21381623F0D4FF00DCA2CB /* LaunchScreen.storyboard in Resources */ = {isa = PBXBuildFile; fileRef = BE21381423F0D4FF00DCA2CB /* LaunchScreen.storyboard */; };
		BE52CAF523CAE3BA005F1123 /* StringRemovalTests.swift in Sources */ = {isa = PBXBuildFile; fileRef = BE52CAF223CAE3BA005F1123 /* StringRemovalTests.swift */; };
		BE52CAF623CAE3BA005F1123 /* RegexTests.swift in Sources */ = {isa = PBXBuildFile; fileRef = BE52CAF323CAE3BA005F1123 /* RegexTests.swift */; };
		BE52CAF723CAE3BA005F1123 /* URLParsingTests.swift in Sources */ = {isa = PBXBuildFile; fileRef = BE52CAF423CAE3BA005F1123 /* URLParsingTests.swift */; };
		BE52CB1923CB26C0005F1123 /* ExampleViewController.swift in Sources */ = {isa = PBXBuildFile; fileRef = BE52CB1823CB26C0005F1123 /* ExampleViewController.swift */; };
		BE52CB3923CB2E56005F1123 /* ExampleViewController.xib in Resources */ = {isa = PBXBuildFile; fileRef = BE52CB3823CB2E56005F1123 /* ExampleViewController.xib */; };
		BEBAE77F23CB2F1F00A60406 /* MainMenu.xib in Resources */ = {isa = PBXBuildFile; fileRef = BEBAE77D23CB2F1F00A60406 /* MainMenu.xib */; };
		BEDA437D23F226B80086C78A /* Cartfile in Resources */ = {isa = PBXBuildFile; fileRef = BEDA437C23F226B80086C78A /* Cartfile */; };
		ED83F67C20348A760038D96B /* AppDelegate.swift in Sources */ = {isa = PBXBuildFile; fileRef = ED83F67B20348A760038D96B /* AppDelegate.swift */; };
		ED83F67E20348A760038D96B /* ContentView.swift in Sources */ = {isa = PBXBuildFile; fileRef = ED83F67D20348A760038D96B /* ContentView.swift */; };
		ED83F68020348A760038D96B /* Assets.xcassets in Resources */ = {isa = PBXBuildFile; fileRef = ED83F67F20348A760038D96B /* Assets.xcassets */; };
		ED83F68F20348A760038D96B /* FaviconFinderTests.swift in Sources */ = {isa = PBXBuildFile; fileRef = ED83F68E20348A760038D96B /* FaviconFinderTests.swift */; };
/* End PBXBuildFile section */

/* Begin PBXContainerItemProxy section */
		ED83F68B20348A760038D96B /* PBXContainerItemProxy */ = {
			isa = PBXContainerItemProxy;
			containerPortal = ED83F67020348A760038D96B /* Project object */;
			proxyType = 1;
			remoteGlobalIDString = ED83F67720348A760038D96B;
			remoteInfo = FaviconFinder;
		};
/* End PBXContainerItemProxy section */

/* Begin PBXFileReference section */
		012C43A70A0346876129F0F6 /* README.md */ = {isa = PBXFileReference; includeInIndex = 1; lastKnownFileType = net.daringfireball.markdown; name = README.md; path = ../README.md; sourceTree = "<group>"; };
		0355A9B752E3E77793ABD3FA /* Pods-FaviconFinder_Example.debug.xcconfig */ = {isa = PBXFileReference; includeInIndex = 1; lastKnownFileType = text.xcconfig; name = "Pods-FaviconFinder_Example.debug.xcconfig"; path = "Target Support Files/Pods-FaviconFinder_Example/Pods-FaviconFinder_Example.debug.xcconfig"; sourceTree = "<group>"; };
		1B8BB63D6EB800781733BC1D /* Pods-FaviconFinder_Tests.release.xcconfig */ = {isa = PBXFileReference; includeInIndex = 1; lastKnownFileType = text.xcconfig; name = "Pods-FaviconFinder_Tests.release.xcconfig"; path = "Target Support Files/Pods-FaviconFinder_Tests/Pods-FaviconFinder_Tests.release.xcconfig"; sourceTree = "<group>"; };
		630C60C5784DCC190F8E2126 /* Pods_FaviconFinder_Tests.framework */ = {isa = PBXFileReference; explicitFileType = wrapper.framework; includeInIndex = 0; path = Pods_FaviconFinder_Tests.framework; sourceTree = BUILT_PRODUCTS_DIR; };
		6DCFFFF4C95ECA56DA8C1F91 /* Pods-FaviconFinder_iOS_Example.release.xcconfig */ = {isa = PBXFileReference; includeInIndex = 1; lastKnownFileType = text.xcconfig; name = "Pods-FaviconFinder_iOS_Example.release.xcconfig"; path = "Target Support Files/Pods-FaviconFinder_iOS_Example/Pods-FaviconFinder_iOS_Example.release.xcconfig"; sourceTree = "<group>"; };
		73D264E7952AED94626A0755 /* Pods_FaviconFinder_iOS_Example.framework */ = {isa = PBXFileReference; explicitFileType = wrapper.framework; includeInIndex = 0; path = Pods_FaviconFinder_iOS_Example.framework; sourceTree = BUILT_PRODUCTS_DIR; };
		81EF860286A33245010DEEED /* Pods-FaviconFinder_iOS_Example.debug.xcconfig */ = {isa = PBXFileReference; includeInIndex = 1; lastKnownFileType = text.xcconfig; name = "Pods-FaviconFinder_iOS_Example.debug.xcconfig"; path = "Target Support Files/Pods-FaviconFinder_iOS_Example/Pods-FaviconFinder_iOS_Example.debug.xcconfig"; sourceTree = "<group>"; };
		9C5773D0659DE71F64359322 /* FaviconFinder.podspec */ = {isa = PBXFileReference; includeInIndex = 1; lastKnownFileType = text; name = FaviconFinder.podspec; path = ../FaviconFinder.podspec; sourceTree = "<group>"; xcLanguageSpecificationIdentifier = xcode.lang.ruby; };
		BE20446C27996CFD00D5D2EB /* BuildTests.yml */ = {isa = PBXFileReference; lastKnownFileType = text.yaml; name = BuildTests.yml; path = ../.github/workflows/BuildTests.yml; sourceTree = "<group>"; };
		BE2044712799795400D5D2EB /* DeployToCocoapods.yml */ = {isa = PBXFileReference; lastKnownFileType = text.yaml; name = DeployToCocoapods.yml; path = ../.github/workflows/DeployToCocoapods.yml; sourceTree = "<group>"; };
		BE21380723F0D4FD00DCA2CB /* FaviconFinder_iOS_Example.app */ = {isa = PBXFileReference; explicitFileType = wrapper.application; includeInIndex = 0; path = FaviconFinder_iOS_Example.app; sourceTree = BUILT_PRODUCTS_DIR; };
		BE21380923F0D4FD00DCA2CB /* AppDelegate.swift */ = {isa = PBXFileReference; lastKnownFileType = sourcecode.swift; path = AppDelegate.swift; sourceTree = "<group>"; };
		BE21380B23F0D4FD00DCA2CB /* SceneDelegate.swift */ = {isa = PBXFileReference; lastKnownFileType = sourcecode.swift; path = SceneDelegate.swift; sourceTree = "<group>"; };
		BE21380D23F0D4FD00DCA2CB /* ViewController.swift */ = {isa = PBXFileReference; lastKnownFileType = sourcecode.swift; path = ViewController.swift; sourceTree = "<group>"; };
		BE21381023F0D4FD00DCA2CB /* Base */ = {isa = PBXFileReference; lastKnownFileType = file.storyboard; name = Base; path = Base.lproj/Main.storyboard; sourceTree = "<group>"; };
		BE21381223F0D4FF00DCA2CB /* Assets.xcassets */ = {isa = PBXFileReference; lastKnownFileType = folder.assetcatalog; path = Assets.xcassets; sourceTree = "<group>"; };
		BE21381523F0D4FF00DCA2CB /* Base */ = {isa = PBXFileReference; lastKnownFileType = file.storyboard; name = Base; path = Base.lproj/LaunchScreen.storyboard; sourceTree = "<group>"; };
		BE21381723F0D4FF00DCA2CB /* Info.plist */ = {isa = PBXFileReference; lastKnownFileType = text.plist.xml; path = Info.plist; sourceTree = "<group>"; };
		BE52CAF223CAE3BA005F1123 /* StringRemovalTests.swift */ = {isa = PBXFileReference; fileEncoding = 4; lastKnownFileType = sourcecode.swift; path = StringRemovalTests.swift; sourceTree = "<group>"; };
		BE52CAF323CAE3BA005F1123 /* RegexTests.swift */ = {isa = PBXFileReference; fileEncoding = 4; lastKnownFileType = sourcecode.swift; path = RegexTests.swift; sourceTree = "<group>"; };
		BE52CAF423CAE3BA005F1123 /* URLParsingTests.swift */ = {isa = PBXFileReference; fileEncoding = 4; lastKnownFileType = sourcecode.swift; path = URLParsingTests.swift; sourceTree = "<group>"; };
		BE52CB1823CB26C0005F1123 /* ExampleViewController.swift */ = {isa = PBXFileReference; lastKnownFileType = sourcecode.swift; path = ExampleViewController.swift; sourceTree = "<group>"; };
		BE52CB3823CB2E56005F1123 /* ExampleViewController.xib */ = {isa = PBXFileReference; lastKnownFileType = file.xib; path = ExampleViewController.xib; sourceTree = "<group>"; };
		BEBAE77E23CB2F1F00A60406 /* Base */ = {isa = PBXFileReference; lastKnownFileType = file.xib; name = Base; path = Base.lproj/MainMenu.xib; sourceTree = "<group>"; };
		BEDA437C23F226B80086C78A /* Cartfile */ = {isa = PBXFileReference; fileEncoding = 4; lastKnownFileType = text; name = Cartfile; path = ../Cartfile; sourceTree = "<group>"; };
		BEDA437E23F226C20086C78A /* Package.swift */ = {isa = PBXFileReference; fileEncoding = 4; lastKnownFileType = sourcecode.swift; name = Package.swift; path = ../Package.swift; sourceTree = "<group>"; };
		CA7C527B8CAE06B6FAAC37F6 /* Pods_FaviconFinder_Example.framework */ = {isa = PBXFileReference; explicitFileType = wrapper.framework; includeInIndex = 0; path = Pods_FaviconFinder_Example.framework; sourceTree = BUILT_PRODUCTS_DIR; };
		D126331FEBE93627C20ED818 /* Pods-FaviconFinder_Example-FaviconFinder_iOS_Example.release.xcconfig */ = {isa = PBXFileReference; includeInIndex = 1; lastKnownFileType = text.xcconfig; name = "Pods-FaviconFinder_Example-FaviconFinder_iOS_Example.release.xcconfig"; path = "Target Support Files/Pods-FaviconFinder_Example-FaviconFinder_iOS_Example/Pods-FaviconFinder_Example-FaviconFinder_iOS_Example.release.xcconfig"; sourceTree = "<group>"; };
		D507263EAAFD4C18A4924A31 /* Pods-FaviconFinder_Example-FaviconFinder_iOS_Example.debug.xcconfig */ = {isa = PBXFileReference; includeInIndex = 1; lastKnownFileType = text.xcconfig; name = "Pods-FaviconFinder_Example-FaviconFinder_iOS_Example.debug.xcconfig"; path = "Target Support Files/Pods-FaviconFinder_Example-FaviconFinder_iOS_Example/Pods-FaviconFinder_Example-FaviconFinder_iOS_Example.debug.xcconfig"; sourceTree = "<group>"; };
		DA44D8257B1E35AFC92A0480 /* Pods-FaviconFinder_Tests.debug.xcconfig */ = {isa = PBXFileReference; includeInIndex = 1; lastKnownFileType = text.xcconfig; name = "Pods-FaviconFinder_Tests.debug.xcconfig"; path = "Target Support Files/Pods-FaviconFinder_Tests/Pods-FaviconFinder_Tests.debug.xcconfig"; sourceTree = "<group>"; };
		E43CC0CE153FC238A29BC3B4 /* LICENSE.txt */ = {isa = PBXFileReference; includeInIndex = 1; lastKnownFileType = text; name = LICENSE.txt; path = ../LICENSE.txt; sourceTree = "<group>"; };
		ED83F67820348A760038D96B /* FaviconFinder_Example.app */ = {isa = PBXFileReference; explicitFileType = wrapper.application; includeInIndex = 0; path = FaviconFinder_Example.app; sourceTree = BUILT_PRODUCTS_DIR; };
		ED83F67B20348A760038D96B /* AppDelegate.swift */ = {isa = PBXFileReference; lastKnownFileType = sourcecode.swift; path = AppDelegate.swift; sourceTree = "<group>"; };
		ED83F67D20348A760038D96B /* ContentView.swift */ = {isa = PBXFileReference; lastKnownFileType = sourcecode.swift; path = ContentView.swift; sourceTree = "<group>"; };
		ED83F67F20348A760038D96B /* Assets.xcassets */ = {isa = PBXFileReference; lastKnownFileType = folder.assetcatalog; path = Assets.xcassets; sourceTree = "<group>"; };
		ED83F68420348A760038D96B /* Info.plist */ = {isa = PBXFileReference; lastKnownFileType = text.plist.xml; path = Info.plist; sourceTree = "<group>"; };
		ED83F68520348A760038D96B /* FaviconFinder.entitlements */ = {isa = PBXFileReference; lastKnownFileType = text.plist.entitlements; path = FaviconFinder.entitlements; sourceTree = "<group>"; };
		ED83F68A20348A760038D96B /* FaviconFinder_Tests.xctest */ = {isa = PBXFileReference; explicitFileType = wrapper.cfbundle; includeInIndex = 0; path = FaviconFinder_Tests.xctest; sourceTree = BUILT_PRODUCTS_DIR; };
		ED83F68E20348A760038D96B /* FaviconFinderTests.swift */ = {isa = PBXFileReference; lastKnownFileType = sourcecode.swift; path = FaviconFinderTests.swift; sourceTree = "<group>"; };
		ED83F69020348A760038D96B /* Info.plist */ = {isa = PBXFileReference; lastKnownFileType = text.plist.xml; path = Info.plist; sourceTree = "<group>"; };
		F466EFBB5FC3E85126D4FC2E /* Pods-FaviconFinder_Example.release.xcconfig */ = {isa = PBXFileReference; includeInIndex = 1; lastKnownFileType = text.xcconfig; name = "Pods-FaviconFinder_Example.release.xcconfig"; path = "Target Support Files/Pods-FaviconFinder_Example/Pods-FaviconFinder_Example.release.xcconfig"; sourceTree = "<group>"; };
/* End PBXFileReference section */

/* Begin PBXFrameworksBuildPhase section */
		BE21380423F0D4FD00DCA2CB /* Frameworks */ = {
			isa = PBXFrameworksBuildPhase;
			buildActionMask = 2147483647;
			files = (
				6031398A9AE57430E50815BA /* Pods_FaviconFinder_iOS_Example.framework in Frameworks */,
			);
			runOnlyForDeploymentPostprocessing = 0;
		};
		ED83F67520348A760038D96B /* Frameworks */ = {
			isa = PBXFrameworksBuildPhase;
			buildActionMask = 2147483647;
			files = (
				880E99F98B30CD2FE6895A11 /* Pods_FaviconFinder_Example.framework in Frameworks */,
			);
			runOnlyForDeploymentPostprocessing = 0;
		};
		ED83F68720348A760038D96B /* Frameworks */ = {
			isa = PBXFrameworksBuildPhase;
			buildActionMask = 2147483647;
			files = (
				732DEED46B3B595E5840601D /* Pods_FaviconFinder_Tests.framework in Frameworks */,
			);
			runOnlyForDeploymentPostprocessing = 0;
		};
/* End PBXFrameworksBuildPhase section */

/* Begin PBXGroup section */
		44253845685B5BB60DAA1F42 /* Frameworks */ = {
			isa = PBXGroup;
			children = (
				CA7C527B8CAE06B6FAAC37F6 /* Pods_FaviconFinder_Example.framework */,
				630C60C5784DCC190F8E2126 /* Pods_FaviconFinder_Tests.framework */,
				73D264E7952AED94626A0755 /* Pods_FaviconFinder_iOS_Example.framework */,
			);
			name = Frameworks;
			sourceTree = "<group>";
		};
		9B3444C47359C6B680921499 /* Pods */ = {
			isa = PBXGroup;
			children = (
				0355A9B752E3E77793ABD3FA /* Pods-FaviconFinder_Example.debug.xcconfig */,
				F466EFBB5FC3E85126D4FC2E /* Pods-FaviconFinder_Example.release.xcconfig */,
				DA44D8257B1E35AFC92A0480 /* Pods-FaviconFinder_Tests.debug.xcconfig */,
				1B8BB63D6EB800781733BC1D /* Pods-FaviconFinder_Tests.release.xcconfig */,
				D507263EAAFD4C18A4924A31 /* Pods-FaviconFinder_Example-FaviconFinder_iOS_Example.debug.xcconfig */,
				D126331FEBE93627C20ED818 /* Pods-FaviconFinder_Example-FaviconFinder_iOS_Example.release.xcconfig */,
				81EF860286A33245010DEEED /* Pods-FaviconFinder_iOS_Example.debug.xcconfig */,
				6DCFFFF4C95ECA56DA8C1F91 /* Pods-FaviconFinder_iOS_Example.release.xcconfig */,
			);
			path = Pods;
			sourceTree = "<group>";
		};
		BE2044702799794400D5D2EB /* Workflows */ = {
			isa = PBXGroup;
			children = (
				BE20446C27996CFD00D5D2EB /* BuildTests.yml */,
				BE2044712799795400D5D2EB /* DeployToCocoapods.yml */,
			);
			name = Workflows;
			sourceTree = "<group>";
		};
		BE21380823F0D4FD00DCA2CB /* FaviconFinder_iOS_Example */ = {
			isa = PBXGroup;
			children = (
				BE21380923F0D4FD00DCA2CB /* AppDelegate.swift */,
				BE21380B23F0D4FD00DCA2CB /* SceneDelegate.swift */,
				BE21380D23F0D4FD00DCA2CB /* ViewController.swift */,
				BE21380F23F0D4FD00DCA2CB /* Main.storyboard */,
				BE21381223F0D4FF00DCA2CB /* Assets.xcassets */,
				BE21381423F0D4FF00DCA2CB /* LaunchScreen.storyboard */,
				BE21381723F0D4FF00DCA2CB /* Info.plist */,
			);
			path = FaviconFinder_iOS_Example;
			sourceTree = "<group>";
		};
		ED83F66F20348A760038D96B = {
			isa = PBXGroup;
			children = (
				ED83F69A20348B650038D96B /* Metadata */,
				ED83F67A20348A760038D96B /* FaviconFinder */,
				BE21380823F0D4FD00DCA2CB /* FaviconFinder_iOS_Example */,
				ED83F68D20348A760038D96B /* Tests */,
				ED83F67920348A760038D96B /* Products */,
				9B3444C47359C6B680921499 /* Pods */,
				44253845685B5BB60DAA1F42 /* Frameworks */,
			);
			sourceTree = "<group>";
		};
		ED83F67920348A760038D96B /* Products */ = {
			isa = PBXGroup;
			children = (
				ED83F67820348A760038D96B /* FaviconFinder_Example.app */,
				ED83F68A20348A760038D96B /* FaviconFinder_Tests.xctest */,
				BE21380723F0D4FD00DCA2CB /* FaviconFinder_iOS_Example.app */,
			);
			name = Products;
			sourceTree = "<group>";
		};
		ED83F67A20348A760038D96B /* FaviconFinder */ = {
			isa = PBXGroup;
			children = (
				BEBAE77D23CB2F1F00A60406 /* MainMenu.xib */,
				ED83F67B20348A760038D96B /* AppDelegate.swift */,
				BE52CB1823CB26C0005F1123 /* ExampleViewController.swift */,
				BE52CB3823CB2E56005F1123 /* ExampleViewController.xib */,
				ED83F67D20348A760038D96B /* ContentView.swift */,
				ED83F67F20348A760038D96B /* Assets.xcassets */,
				ED83F68420348A760038D96B /* Info.plist */,
				ED83F68520348A760038D96B /* FaviconFinder.entitlements */,
			);
			path = FaviconFinder;
			sourceTree = "<group>";
		};
		ED83F68D20348A760038D96B /* Tests */ = {
			isa = PBXGroup;
			children = (
				ED83F68E20348A760038D96B /* FaviconFinderTests.swift */,
				BE52CAF323CAE3BA005F1123 /* RegexTests.swift */,
				BE52CAF223CAE3BA005F1123 /* StringRemovalTests.swift */,
				BE52CAF423CAE3BA005F1123 /* URLParsingTests.swift */,
				ED83F69020348A760038D96B /* Info.plist */,
			);
			path = Tests;
			sourceTree = "<group>";
		};
		ED83F69A20348B650038D96B /* Metadata */ = {
			isa = PBXGroup;
			children = (
				BE2044702799794400D5D2EB /* Workflows */,
				9C5773D0659DE71F64359322 /* FaviconFinder.podspec */,
				BEDA437C23F226B80086C78A /* Cartfile */,
				BEDA437E23F226C20086C78A /* Package.swift */,
				012C43A70A0346876129F0F6 /* README.md */,
				E43CC0CE153FC238A29BC3B4 /* LICENSE.txt */,
			);
			name = Metadata;
			sourceTree = "<group>";
		};
/* End PBXGroup section */

/* Begin PBXNativeTarget section */
		BE21380623F0D4FD00DCA2CB /* FaviconFinder_iOS_Example */ = {
			isa = PBXNativeTarget;
			buildConfigurationList = BE21381A23F0D4FF00DCA2CB /* Build configuration list for PBXNativeTarget "FaviconFinder_iOS_Example" */;
			buildPhases = (
				1134917192D385D86276553B /* [CP] Check Pods Manifest.lock */,
				BE21380323F0D4FD00DCA2CB /* Sources */,
				BE21380423F0D4FD00DCA2CB /* Frameworks */,
				BE21380523F0D4FD00DCA2CB /* Resources */,
				EDD079974E7192EE54A8BED1 /* [CP] Embed Pods Frameworks */,
			);
			buildRules = (
			);
			dependencies = (
			);
			name = FaviconFinder_iOS_Example;
			productName = FaviconFinder_iOS_Example;
			productReference = BE21380723F0D4FD00DCA2CB /* FaviconFinder_iOS_Example.app */;
			productType = "com.apple.product-type.application";
		};
		ED83F67720348A760038D96B /* FaviconFinder_Example */ = {
			isa = PBXNativeTarget;
			buildConfigurationList = ED83F69320348A760038D96B /* Build configuration list for PBXNativeTarget "FaviconFinder_Example" */;
			buildPhases = (
				6B502F7D7224032E84415425 /* [CP] Check Pods Manifest.lock */,
				ED83F67420348A760038D96B /* Sources */,
				ED83F67520348A760038D96B /* Frameworks */,
				ED83F67620348A760038D96B /* Resources */,
				8618B6423E693321B298FB22 /* [CP] Embed Pods Frameworks */,
			);
			buildRules = (
			);
			dependencies = (
			);
			name = FaviconFinder_Example;
			productName = FaviconFinder;
			productReference = ED83F67820348A760038D96B /* FaviconFinder_Example.app */;
			productType = "com.apple.product-type.application";
		};
		ED83F68920348A760038D96B /* FaviconFinder_Tests */ = {
			isa = PBXNativeTarget;
			buildConfigurationList = ED83F69620348A760038D96B /* Build configuration list for PBXNativeTarget "FaviconFinder_Tests" */;
			buildPhases = (
				327E63F0435F60FF38B4464F /* [CP] Check Pods Manifest.lock */,
				ED83F68620348A760038D96B /* Sources */,
				ED83F68720348A760038D96B /* Frameworks */,
				ED83F68820348A760038D96B /* Resources */,
				CFD501F3D731E84F86830A3D /* [CP] Embed Pods Frameworks */,
			);
			buildRules = (
			);
			dependencies = (
				ED83F68C20348A760038D96B /* PBXTargetDependency */,
			);
			name = FaviconFinder_Tests;
			productName = FaviconFinderTests;
			productReference = ED83F68A20348A760038D96B /* FaviconFinder_Tests.xctest */;
			productType = "com.apple.product-type.bundle.unit-test";
		};
/* End PBXNativeTarget section */

/* Begin PBXProject section */
		ED83F67020348A760038D96B /* Project object */ = {
			isa = PBXProject;
			attributes = {
				LastSwiftUpdateCheck = 1130;
				LastUpgradeCheck = 1220;
				ORGANIZATIONNAME = CocoaPods;
				TargetAttributes = {
					BE21380623F0D4FD00DCA2CB = {
						CreatedOnToolsVersion = 11.3.1;
						ProvisioningStyle = Manual;
					};
					ED83F67720348A760038D96B = {
						CreatedOnToolsVersion = 9.0;
						LastSwiftMigration = 1120;
						ProvisioningStyle = Automatic;
					};
					ED83F68920348A760038D96B = {
						CreatedOnToolsVersion = 9.0;
						LastSwiftMigration = 1120;
						ProvisioningStyle = Automatic;
						TestTargetID = ED83F67720348A760038D96B;
					};
				};
			};
			buildConfigurationList = ED83F67320348A760038D96B /* Build configuration list for PBXProject "FaviconFinder" */;
			compatibilityVersion = "Xcode 8.0";
			developmentRegion = en;
			hasScannedForEncodings = 0;
			knownRegions = (
				en,
				Base,
			);
			mainGroup = ED83F66F20348A760038D96B;
			productRefGroup = ED83F67920348A760038D96B /* Products */;
			projectDirPath = "";
			projectRoot = "";
			targets = (
				ED83F67720348A760038D96B /* FaviconFinder_Example */,
				BE21380623F0D4FD00DCA2CB /* FaviconFinder_iOS_Example */,
				ED83F68920348A760038D96B /* FaviconFinder_Tests */,
			);
		};
/* End PBXProject section */

/* Begin PBXResourcesBuildPhase section */
		BE21380523F0D4FD00DCA2CB /* Resources */ = {
			isa = PBXResourcesBuildPhase;
			buildActionMask = 2147483647;
			files = (
				BE21381623F0D4FF00DCA2CB /* LaunchScreen.storyboard in Resources */,
				BE21381323F0D4FF00DCA2CB /* Assets.xcassets in Resources */,
				BE21381123F0D4FD00DCA2CB /* Main.storyboard in Resources */,
			);
			runOnlyForDeploymentPostprocessing = 0;
		};
		ED83F67620348A760038D96B /* Resources */ = {
			isa = PBXResourcesBuildPhase;
			buildActionMask = 2147483647;
			files = (
				ED83F68020348A760038D96B /* Assets.xcassets in Resources */,
				BE52CB3923CB2E56005F1123 /* ExampleViewController.xib in Resources */,
				BEDA437D23F226B80086C78A /* Cartfile in Resources */,
				BEBAE77F23CB2F1F00A60406 /* MainMenu.xib in Resources */,
			);
			runOnlyForDeploymentPostprocessing = 0;
		};
		ED83F68820348A760038D96B /* Resources */ = {
			isa = PBXResourcesBuildPhase;
			buildActionMask = 2147483647;
			files = (
			);
			runOnlyForDeploymentPostprocessing = 0;
		};
/* End PBXResourcesBuildPhase section */

/* Begin PBXShellScriptBuildPhase section */
		1134917192D385D86276553B /* [CP] Check Pods Manifest.lock */ = {
			isa = PBXShellScriptBuildPhase;
			buildActionMask = 2147483647;
			files = (
			);
			inputFileListPaths = (
			);
			inputPaths = (
				"${PODS_PODFILE_DIR_PATH}/Podfile.lock",
				"${PODS_ROOT}/Manifest.lock",
			);
			name = "[CP] Check Pods Manifest.lock";
			outputFileListPaths = (
			);
			outputPaths = (
				"$(DERIVED_FILE_DIR)/Pods-FaviconFinder_iOS_Example-checkManifestLockResult.txt",
			);
			runOnlyForDeploymentPostprocessing = 0;
			shellPath = /bin/sh;
			shellScript = "diff \"${PODS_PODFILE_DIR_PATH}/Podfile.lock\" \"${PODS_ROOT}/Manifest.lock\" > /dev/null\nif [ $? != 0 ] ; then\n    # print error to STDERR\n    echo \"error: The sandbox is not in sync with the Podfile.lock. Run 'pod install' or update your CocoaPods installation.\" >&2\n    exit 1\nfi\n# This output is used by Xcode 'outputs' to avoid re-running this script phase.\necho \"SUCCESS\" > \"${SCRIPT_OUTPUT_FILE_0}\"\n";
			showEnvVarsInLog = 0;
		};
		327E63F0435F60FF38B4464F /* [CP] Check Pods Manifest.lock */ = {
			isa = PBXShellScriptBuildPhase;
			buildActionMask = 2147483647;
			files = (
			);
			inputFileListPaths = (
			);
			inputPaths = (
				"${PODS_PODFILE_DIR_PATH}/Podfile.lock",
				"${PODS_ROOT}/Manifest.lock",
			);
			name = "[CP] Check Pods Manifest.lock";
			outputFileListPaths = (
			);
			outputPaths = (
				"$(DERIVED_FILE_DIR)/Pods-FaviconFinder_Tests-checkManifestLockResult.txt",
			);
			runOnlyForDeploymentPostprocessing = 0;
			shellPath = /bin/sh;
			shellScript = "diff \"${PODS_PODFILE_DIR_PATH}/Podfile.lock\" \"${PODS_ROOT}/Manifest.lock\" > /dev/null\nif [ $? != 0 ] ; then\n    # print error to STDERR\n    echo \"error: The sandbox is not in sync with the Podfile.lock. Run 'pod install' or update your CocoaPods installation.\" >&2\n    exit 1\nfi\n# This output is used by Xcode 'outputs' to avoid re-running this script phase.\necho \"SUCCESS\" > \"${SCRIPT_OUTPUT_FILE_0}\"\n";
			showEnvVarsInLog = 0;
		};
		6B502F7D7224032E84415425 /* [CP] Check Pods Manifest.lock */ = {
			isa = PBXShellScriptBuildPhase;
			buildActionMask = 2147483647;
			files = (
			);
			inputFileListPaths = (
			);
			inputPaths = (
				"${PODS_PODFILE_DIR_PATH}/Podfile.lock",
				"${PODS_ROOT}/Manifest.lock",
			);
			name = "[CP] Check Pods Manifest.lock";
			outputFileListPaths = (
			);
			outputPaths = (
				"$(DERIVED_FILE_DIR)/Pods-FaviconFinder_Example-checkManifestLockResult.txt",
			);
			runOnlyForDeploymentPostprocessing = 0;
			shellPath = /bin/sh;
			shellScript = "diff \"${PODS_PODFILE_DIR_PATH}/Podfile.lock\" \"${PODS_ROOT}/Manifest.lock\" > /dev/null\nif [ $? != 0 ] ; then\n    # print error to STDERR\n    echo \"error: The sandbox is not in sync with the Podfile.lock. Run 'pod install' or update your CocoaPods installation.\" >&2\n    exit 1\nfi\n# This output is used by Xcode 'outputs' to avoid re-running this script phase.\necho \"SUCCESS\" > \"${SCRIPT_OUTPUT_FILE_0}\"\n";
			showEnvVarsInLog = 0;
		};
		8618B6423E693321B298FB22 /* [CP] Embed Pods Frameworks */ = {
			isa = PBXShellScriptBuildPhase;
			buildActionMask = 2147483647;
			files = (
			);
			inputPaths = (
				"${PODS_ROOT}/Target Support Files/Pods-FaviconFinder_Example/Pods-FaviconFinder_Example-frameworks.sh",
				"${BUILT_PRODUCTS_DIR}/FaviconFinder-macOS/FaviconFinder.framework",
				"${BUILT_PRODUCTS_DIR}/SwiftSoup-macOS/SwiftSoup.framework",
			);
			name = "[CP] Embed Pods Frameworks";
			outputPaths = (
				"${TARGET_BUILD_DIR}/${FRAMEWORKS_FOLDER_PATH}/FaviconFinder.framework",
				"${TARGET_BUILD_DIR}/${FRAMEWORKS_FOLDER_PATH}/SwiftSoup.framework",
			);
			runOnlyForDeploymentPostprocessing = 0;
			shellPath = /bin/sh;
			shellScript = "\"${PODS_ROOT}/Target Support Files/Pods-FaviconFinder_Example/Pods-FaviconFinder_Example-frameworks.sh\"\n";
			showEnvVarsInLog = 0;
		};
		CFD501F3D731E84F86830A3D /* [CP] Embed Pods Frameworks */ = {
			isa = PBXShellScriptBuildPhase;
			buildActionMask = 2147483647;
			files = (
			);
			inputPaths = (
				"${PODS_ROOT}/Target Support Files/Pods-FaviconFinder_Tests/Pods-FaviconFinder_Tests-frameworks.sh",
				"${BUILT_PRODUCTS_DIR}/FaviconFinder-macOS/FaviconFinder.framework",
				"${BUILT_PRODUCTS_DIR}/SwiftSoup-macOS/SwiftSoup.framework",
			);
			name = "[CP] Embed Pods Frameworks";
			outputPaths = (
				"${TARGET_BUILD_DIR}/${FRAMEWORKS_FOLDER_PATH}/FaviconFinder.framework",
				"${TARGET_BUILD_DIR}/${FRAMEWORKS_FOLDER_PATH}/SwiftSoup.framework",
			);
			runOnlyForDeploymentPostprocessing = 0;
			shellPath = /bin/sh;
			shellScript = "\"${PODS_ROOT}/Target Support Files/Pods-FaviconFinder_Tests/Pods-FaviconFinder_Tests-frameworks.sh\"\n";
			showEnvVarsInLog = 0;
		};
		EDD079974E7192EE54A8BED1 /* [CP] Embed Pods Frameworks */ = {
			isa = PBXShellScriptBuildPhase;
			buildActionMask = 2147483647;
			files = (
			);
			inputPaths = (
				"${PODS_ROOT}/Target Support Files/Pods-FaviconFinder_iOS_Example/Pods-FaviconFinder_iOS_Example-frameworks.sh",
				"${BUILT_PRODUCTS_DIR}/FaviconFinder-iOS/FaviconFinder.framework",
				"${BUILT_PRODUCTS_DIR}/SwiftSoup-iOS/SwiftSoup.framework",
			);
			name = "[CP] Embed Pods Frameworks";
			outputPaths = (
				"${TARGET_BUILD_DIR}/${FRAMEWORKS_FOLDER_PATH}/FaviconFinder.framework",
				"${TARGET_BUILD_DIR}/${FRAMEWORKS_FOLDER_PATH}/SwiftSoup.framework",
			);
			runOnlyForDeploymentPostprocessing = 0;
			shellPath = /bin/sh;
			shellScript = "\"${PODS_ROOT}/Target Support Files/Pods-FaviconFinder_iOS_Example/Pods-FaviconFinder_iOS_Example-frameworks.sh\"\n";
			showEnvVarsInLog = 0;
		};
/* End PBXShellScriptBuildPhase section */

/* Begin PBXSourcesBuildPhase section */
		BE21380323F0D4FD00DCA2CB /* Sources */ = {
			isa = PBXSourcesBuildPhase;
			buildActionMask = 2147483647;
			files = (
				BE21380E23F0D4FD00DCA2CB /* ViewController.swift in Sources */,
				BE21380A23F0D4FD00DCA2CB /* AppDelegate.swift in Sources */,
				BE21380C23F0D4FD00DCA2CB /* SceneDelegate.swift in Sources */,
			);
			runOnlyForDeploymentPostprocessing = 0;
		};
		ED83F67420348A760038D96B /* Sources */ = {
			isa = PBXSourcesBuildPhase;
			buildActionMask = 2147483647;
			files = (
				ED83F67E20348A760038D96B /* ContentView.swift in Sources */,
				ED83F67C20348A760038D96B /* AppDelegate.swift in Sources */,
				BE52CB1923CB26C0005F1123 /* ExampleViewController.swift in Sources */,
			);
			runOnlyForDeploymentPostprocessing = 0;
		};
		ED83F68620348A760038D96B /* Sources */ = {
			isa = PBXSourcesBuildPhase;
			buildActionMask = 2147483647;
			files = (
				ED83F68F20348A760038D96B /* FaviconFinderTests.swift in Sources */,
				BE52CAF623CAE3BA005F1123 /* RegexTests.swift in Sources */,
				BE52CAF723CAE3BA005F1123 /* URLParsingTests.swift in Sources */,
				BE52CAF523CAE3BA005F1123 /* StringRemovalTests.swift in Sources */,
			);
			runOnlyForDeploymentPostprocessing = 0;
		};
/* End PBXSourcesBuildPhase section */

/* Begin PBXTargetDependency section */
		ED83F68C20348A760038D96B /* PBXTargetDependency */ = {
			isa = PBXTargetDependency;
			target = ED83F67720348A760038D96B /* FaviconFinder_Example */;
			targetProxy = ED83F68B20348A760038D96B /* PBXContainerItemProxy */;
		};
/* End PBXTargetDependency section */

/* Begin PBXVariantGroup section */
		BE21380F23F0D4FD00DCA2CB /* Main.storyboard */ = {
			isa = PBXVariantGroup;
			children = (
				BE21381023F0D4FD00DCA2CB /* Base */,
			);
			name = Main.storyboard;
			sourceTree = "<group>";
		};
		BE21381423F0D4FF00DCA2CB /* LaunchScreen.storyboard */ = {
			isa = PBXVariantGroup;
			children = (
				BE21381523F0D4FF00DCA2CB /* Base */,
			);
			name = LaunchScreen.storyboard;
			sourceTree = "<group>";
		};
		BEBAE77D23CB2F1F00A60406 /* MainMenu.xib */ = {
			isa = PBXVariantGroup;
			children = (
				BEBAE77E23CB2F1F00A60406 /* Base */,
			);
			name = MainMenu.xib;
			sourceTree = "<group>";
		};
/* End PBXVariantGroup section */

/* Begin XCBuildConfiguration section */
		BE21381823F0D4FF00DCA2CB /* Debug */ = {
			isa = XCBuildConfiguration;
			baseConfigurationReference = 81EF860286A33245010DEEED /* Pods-FaviconFinder_iOS_Example.debug.xcconfig */;
			buildSettings = {
				ASSETCATALOG_COMPILER_APPICON_NAME = AppIcon;
				CLANG_ENABLE_OBJC_WEAK = YES;
				CODE_SIGN_IDENTITY = "Apple Development";
				CODE_SIGN_STYLE = Manual;
				DEVELOPMENT_TEAM = "";
				INFOPLIST_FILE = FaviconFinder_iOS_Example/Info.plist;
				IPHONEOS_DEPLOYMENT_TARGET = 15.0;
				LD_RUNPATH_SEARCH_PATHS = "$(inherited) @executable_path/Frameworks";
				MACOSX_DEPLOYMENT_TARGET = 12.0;
				MTL_ENABLE_DEBUG_INFO = INCLUDE_SOURCE;
				MTL_FAST_MATH = YES;
				PRODUCT_BUNDLE_IDENTIFIER = com.williamlumley.faviconfinder;
				PRODUCT_NAME = "$(TARGET_NAME)";
				PROVISIONING_PROFILE_SPECIFIER = "";
				SDKROOT = iphoneos;
				SWIFT_VERSION = 5.0;
				TARGETED_DEVICE_FAMILY = "1,2";
			};
			name = Debug;
		};
		BE21381923F0D4FF00DCA2CB /* Release */ = {
			isa = XCBuildConfiguration;
			baseConfigurationReference = 6DCFFFF4C95ECA56DA8C1F91 /* Pods-FaviconFinder_iOS_Example.release.xcconfig */;
			buildSettings = {
				ASSETCATALOG_COMPILER_APPICON_NAME = AppIcon;
				CLANG_ENABLE_OBJC_WEAK = YES;
				CODE_SIGN_IDENTITY = "Apple Development";
				CODE_SIGN_STYLE = Manual;
				DEVELOPMENT_TEAM = "";
				INFOPLIST_FILE = FaviconFinder_iOS_Example/Info.plist;
				IPHONEOS_DEPLOYMENT_TARGET = 15.0;
				LD_RUNPATH_SEARCH_PATHS = "$(inherited) @executable_path/Frameworks";
				MACOSX_DEPLOYMENT_TARGET = 12.0;
				MTL_FAST_MATH = YES;
				PRODUCT_BUNDLE_IDENTIFIER = com.williamlumley.faviconfinder;
				PRODUCT_NAME = "$(TARGET_NAME)";
				PROVISIONING_PROFILE_SPECIFIER = "";
				SDKROOT = iphoneos;
				SWIFT_VERSION = 5.0;
				TARGETED_DEVICE_FAMILY = "1,2";
				VALIDATE_PRODUCT = YES;
			};
			name = Release;
		};
		ED83F69120348A760038D96B /* Debug */ = {
			isa = XCBuildConfiguration;
			buildSettings = {
				ALWAYS_SEARCH_USER_PATHS = NO;
				CLANG_ANALYZER_NONNULL = YES;
				CLANG_ANALYZER_NUMBER_OBJECT_CONVERSION = YES_AGGRESSIVE;
				CLANG_CXX_LANGUAGE_STANDARD = "gnu++14";
				CLANG_CXX_LIBRARY = "libc++";
				CLANG_ENABLE_MODULES = YES;
				CLANG_ENABLE_OBJC_ARC = YES;
				CLANG_WARN_BLOCK_CAPTURE_AUTORELEASING = YES;
				CLANG_WARN_BOOL_CONVERSION = YES;
				CLANG_WARN_COMMA = YES;
				CLANG_WARN_CONSTANT_CONVERSION = YES;
				CLANG_WARN_DEPRECATED_OBJC_IMPLEMENTATIONS = YES;
				CLANG_WARN_DIRECT_OBJC_ISA_USAGE = YES_ERROR;
				CLANG_WARN_DOCUMENTATION_COMMENTS = YES;
				CLANG_WARN_EMPTY_BODY = YES;
				CLANG_WARN_ENUM_CONVERSION = YES;
				CLANG_WARN_INFINITE_RECURSION = YES;
				CLANG_WARN_INT_CONVERSION = YES;
				CLANG_WARN_NON_LITERAL_NULL_CONVERSION = YES;
				CLANG_WARN_OBJC_IMPLICIT_RETAIN_SELF = YES;
				CLANG_WARN_OBJC_LITERAL_CONVERSION = YES;
				CLANG_WARN_OBJC_ROOT_CLASS = YES_ERROR;
				CLANG_WARN_QUOTED_INCLUDE_IN_FRAMEWORK_HEADER = YES;
				CLANG_WARN_RANGE_LOOP_ANALYSIS = YES;
				CLANG_WARN_STRICT_PROTOTYPES = YES;
				CLANG_WARN_SUSPICIOUS_MOVE = YES;
				CLANG_WARN_UNGUARDED_AVAILABILITY = YES_AGGRESSIVE;
				CLANG_WARN_UNREACHABLE_CODE = YES;
				CLANG_WARN__DUPLICATE_METHOD_MATCH = YES;
				CODE_SIGN_IDENTITY = "-";
				COPY_PHASE_STRIP = NO;
				DEBUG_INFORMATION_FORMAT = dwarf;
				ENABLE_STRICT_OBJC_MSGSEND = YES;
				ENABLE_TESTABILITY = YES;
				EXCLUDED_ARCHS = "";
				GCC_C_LANGUAGE_STANDARD = gnu11;
				GCC_DYNAMIC_NO_PIC = NO;
				GCC_NO_COMMON_BLOCKS = YES;
				GCC_OPTIMIZATION_LEVEL = 0;
				GCC_PREPROCESSOR_DEFINITIONS = (
					"DEBUG=1",
					"$(inherited)",
				);
				GCC_WARN_64_TO_32_BIT_CONVERSION = YES;
				GCC_WARN_ABOUT_RETURN_TYPE = YES_ERROR;
				GCC_WARN_UNDECLARED_SELECTOR = YES;
				GCC_WARN_UNINITIALIZED_AUTOS = YES_AGGRESSIVE;
				GCC_WARN_UNUSED_FUNCTION = YES;
				GCC_WARN_UNUSED_VARIABLE = YES;
				HEADER_SEARCH_PATHS = "$(SDKROOT)/usr/include/libxml2";
				MACOSX_DEPLOYMENT_TARGET = 10.10;
				MTL_ENABLE_DEBUG_INFO = YES;
				ONLY_ACTIVE_ARCH = YES;
				SDKROOT = macosx;
				SWIFT_ACTIVE_COMPILATION_CONDITIONS = DEBUG;
				SWIFT_OPTIMIZATION_LEVEL = "-Onone";
				VALIDATE_WORKSPACE = YES_ERROR;
			};
			name = Debug;
		};
		ED83F69220348A760038D96B /* Release */ = {
			isa = XCBuildConfiguration;
			buildSettings = {
				ALWAYS_SEARCH_USER_PATHS = NO;
				CLANG_ANALYZER_NONNULL = YES;
				CLANG_ANALYZER_NUMBER_OBJECT_CONVERSION = YES_AGGRESSIVE;
				CLANG_CXX_LANGUAGE_STANDARD = "gnu++14";
				CLANG_CXX_LIBRARY = "libc++";
				CLANG_ENABLE_MODULES = YES;
				CLANG_ENABLE_OBJC_ARC = YES;
				CLANG_WARN_BLOCK_CAPTURE_AUTORELEASING = YES;
				CLANG_WARN_BOOL_CONVERSION = YES;
				CLANG_WARN_COMMA = YES;
				CLANG_WARN_CONSTANT_CONVERSION = YES;
				CLANG_WARN_DEPRECATED_OBJC_IMPLEMENTATIONS = YES;
				CLANG_WARN_DIRECT_OBJC_ISA_USAGE = YES_ERROR;
				CLANG_WARN_DOCUMENTATION_COMMENTS = YES;
				CLANG_WARN_EMPTY_BODY = YES;
				CLANG_WARN_ENUM_CONVERSION = YES;
				CLANG_WARN_INFINITE_RECURSION = YES;
				CLANG_WARN_INT_CONVERSION = YES;
				CLANG_WARN_NON_LITERAL_NULL_CONVERSION = YES;
				CLANG_WARN_OBJC_IMPLICIT_RETAIN_SELF = YES;
				CLANG_WARN_OBJC_LITERAL_CONVERSION = YES;
				CLANG_WARN_OBJC_ROOT_CLASS = YES_ERROR;
				CLANG_WARN_QUOTED_INCLUDE_IN_FRAMEWORK_HEADER = YES;
				CLANG_WARN_RANGE_LOOP_ANALYSIS = YES;
				CLANG_WARN_STRICT_PROTOTYPES = YES;
				CLANG_WARN_SUSPICIOUS_MOVE = YES;
				CLANG_WARN_UNGUARDED_AVAILABILITY = YES_AGGRESSIVE;
				CLANG_WARN_UNREACHABLE_CODE = YES;
				CLANG_WARN__DUPLICATE_METHOD_MATCH = YES;
				CODE_SIGN_IDENTITY = "-";
				COPY_PHASE_STRIP = NO;
				DEBUG_INFORMATION_FORMAT = "dwarf-with-dsym";
				ENABLE_NS_ASSERTIONS = NO;
				ENABLE_STRICT_OBJC_MSGSEND = YES;
				EXCLUDED_ARCHS = "";
				GCC_C_LANGUAGE_STANDARD = gnu11;
				GCC_NO_COMMON_BLOCKS = YES;
				GCC_WARN_64_TO_32_BIT_CONVERSION = YES;
				GCC_WARN_ABOUT_RETURN_TYPE = YES_ERROR;
				GCC_WARN_UNDECLARED_SELECTOR = YES;
				GCC_WARN_UNINITIALIZED_AUTOS = YES_AGGRESSIVE;
				GCC_WARN_UNUSED_FUNCTION = YES;
				GCC_WARN_UNUSED_VARIABLE = YES;
				HEADER_SEARCH_PATHS = "$(SDKROOT)/usr/include/libxml2";
				MACOSX_DEPLOYMENT_TARGET = 10.10;
				MTL_ENABLE_DEBUG_INFO = NO;
				SDKROOT = macosx;
				SWIFT_OPTIMIZATION_LEVEL = "-Owholemodule";
				VALIDATE_WORKSPACE = YES_ERROR;
			};
			name = Release;
		};
		ED83F69420348A760038D96B /* Debug */ = {
			isa = XCBuildConfiguration;
			baseConfigurationReference = 0355A9B752E3E77793ABD3FA /* Pods-FaviconFinder_Example.debug.xcconfig */;
			buildSettings = {
				ASSETCATALOG_COMPILER_APPICON_NAME = AppIcon;
				CODE_SIGN_ENTITLEMENTS = FaviconFinder/FaviconFinder.entitlements;
				CODE_SIGN_IDENTITY = "-";
				CODE_SIGN_STYLE = Automatic;
				COMBINE_HIDPI_IMAGES = YES;
				INFOPLIST_FILE = FaviconFinder/Info.plist;
				IPHONEOS_DEPLOYMENT_TARGET = 15.0;
				LD_RUNPATH_SEARCH_PATHS = "$(inherited) @executable_path/../Frameworks";
				MACOSX_DEPLOYMENT_TARGET = 12.0;
				PRODUCT_BUNDLE_IDENTIFIER = com.williamlumley.faviconfinder;
				PRODUCT_NAME = "$(TARGET_NAME)";
				SWIFT_VERSION = 5.0;
			};
			name = Debug;
		};
		ED83F69520348A760038D96B /* Release */ = {
			isa = XCBuildConfiguration;
			baseConfigurationReference = F466EFBB5FC3E85126D4FC2E /* Pods-FaviconFinder_Example.release.xcconfig */;
			buildSettings = {
				ASSETCATALOG_COMPILER_APPICON_NAME = AppIcon;
				CODE_SIGN_ENTITLEMENTS = FaviconFinder/FaviconFinder.entitlements;
				CODE_SIGN_IDENTITY = "-";
				CODE_SIGN_STYLE = Automatic;
				COMBINE_HIDPI_IMAGES = YES;
				INFOPLIST_FILE = FaviconFinder/Info.plist;
				IPHONEOS_DEPLOYMENT_TARGET = 15.0;
				LD_RUNPATH_SEARCH_PATHS = "$(inherited) @executable_path/../Frameworks";
				MACOSX_DEPLOYMENT_TARGET = 12.0;
				PRODUCT_BUNDLE_IDENTIFIER = com.williamlumley.faviconfinder;
				PRODUCT_NAME = "$(TARGET_NAME)";
				SWIFT_VERSION = 5.0;
			};
			name = Release;
		};
		ED83F69720348A760038D96B /* Debug */ = {
			isa = XCBuildConfiguration;
			baseConfigurationReference = DA44D8257B1E35AFC92A0480 /* Pods-FaviconFinder_Tests.debug.xcconfig */;
			buildSettings = {
				ALWAYS_EMBED_SWIFT_STANDARD_LIBRARIES = YES;
				BUNDLE_LOADER = "$(TEST_HOST)";
				CODE_SIGN_STYLE = Automatic;
				COMBINE_HIDPI_IMAGES = YES;
				INFOPLIST_FILE = Tests/Info.plist;
				IPHONEOS_DEPLOYMENT_TARGET = 15.0;
				LD_RUNPATH_SEARCH_PATHS = "$(inherited) @executable_path/../Frameworks @loader_path/../Frameworks";
				MACOSX_DEPLOYMENT_TARGET = 12.0;
				PRODUCT_BUNDLE_IDENTIFIER = "org.cocoapods.demo.FaviconFinder-Tests";
				PRODUCT_NAME = "$(TARGET_NAME)";
				SWIFT_VERSION = 5.0;
				TEST_HOST = "";
			};
			name = Debug;
		};
		ED83F69820348A760038D96B /* Release */ = {
			isa = XCBuildConfiguration;
			baseConfigurationReference = 1B8BB63D6EB800781733BC1D /* Pods-FaviconFinder_Tests.release.xcconfig */;
			buildSettings = {
				ALWAYS_EMBED_SWIFT_STANDARD_LIBRARIES = YES;
				BUNDLE_LOADER = "$(TEST_HOST)";
				CODE_SIGN_STYLE = Automatic;
				COMBINE_HIDPI_IMAGES = YES;
				INFOPLIST_FILE = Tests/Info.plist;
				IPHONEOS_DEPLOYMENT_TARGET = 15.0;
				LD_RUNPATH_SEARCH_PATHS = "$(inherited) @executable_path/../Frameworks @loader_path/../Frameworks";
				MACOSX_DEPLOYMENT_TARGET = 12.0;
				PRODUCT_BUNDLE_IDENTIFIER = "org.cocoapods.demo.FaviconFinder-Tests";
				PRODUCT_NAME = "$(TARGET_NAME)";
				SWIFT_VERSION = 5.0;
				TEST_HOST = "";
			};
			name = Release;
		};
/* End XCBuildConfiguration section */

/* Begin XCConfigurationList section */
		BE21381A23F0D4FF00DCA2CB /* Build configuration list for PBXNativeTarget "FaviconFinder_iOS_Example" */ = {
			isa = XCConfigurationList;
			buildConfigurations = (
				BE21381823F0D4FF00DCA2CB /* Debug */,
				BE21381923F0D4FF00DCA2CB /* Release */,
			);
			defaultConfigurationIsVisible = 0;
			defaultConfigurationName = Release;
		};
		ED83F67320348A760038D96B /* Build configuration list for PBXProject "FaviconFinder" */ = {
			isa = XCConfigurationList;
			buildConfigurations = (
				ED83F69120348A760038D96B /* Debug */,
				ED83F69220348A760038D96B /* Release */,
			);
			defaultConfigurationIsVisible = 0;
			defaultConfigurationName = Release;
		};
		ED83F69320348A760038D96B /* Build configuration list for PBXNativeTarget "FaviconFinder_Example" */ = {
			isa = XCConfigurationList;
			buildConfigurations = (
				ED83F69420348A760038D96B /* Debug */,
				ED83F69520348A760038D96B /* Release */,
			);
			defaultConfigurationIsVisible = 0;
			defaultConfigurationName = Release;
		};
		ED83F69620348A760038D96B /* Build configuration list for PBXNativeTarget "FaviconFinder_Tests" */ = {
			isa = XCConfigurationList;
			buildConfigurations = (
				ED83F69720348A760038D96B /* Debug */,
				ED83F69820348A760038D96B /* Release */,
			);
			defaultConfigurationIsVisible = 0;
			defaultConfigurationName = Release;
		};
/* End XCConfigurationList section */
	};
	rootObject = ED83F67020348A760038D96B /* Project object */;
}
