// !$*UTF8*$!
{
	archiveVersion = 1;
	classes = {
	};
	objectVersion = 60;
	objects = {

/* Begin PBXBuildFile section */
		BE638D1D2B67614E00AA3E60 /* iOSFaviconFinderExampleApp.swift in Sources */ = {isa = PBXBuildFile; fileRef = BE638D1C2B67614E00AA3E60 /* iOSFaviconFinderExampleApp.swift */; };
		BE638D1F2B67614E00AA3E60 /* ContentView.swift in Sources */ = {isa = PBXBuildFile; fileRef = BE638D1E2B67614E00AA3E60 /* ContentView.swift */; };
		BE638D212B67614F00AA3E60 /* Assets.xcassets in Resources */ = {isa = PBXBuildFile; fileRef = BE638D202B67614F00AA3E60 /* Assets.xcassets */; };
		BE638D242B67614F00AA3E60 /* Preview Assets.xcassets in Resources */ = {isa = PBXBuildFile; fileRef = BE638D232B67614F00AA3E60 /* Preview Assets.xcassets */; };
		BE638D2C2B6762F600AA3E60 /* FaviconFinder in Frameworks */ = {isa = PBXBuildFile; productRef = BE638D2B2B6762F600AA3E60 /* FaviconFinder */; };
		BE947E7F2B7253BA008977BC /* FaviconFinder in Frameworks */ = {isa = PBXBuildFile; productRef = BE947E7E2B7253BA008977BC /* FaviconFinder */; };
		BEBD27862B723C3C00C5128A /* FaviconFinder in Frameworks */ = {isa = PBXBuildFile; productRef = BEBD27852B723C3C00C5128A /* FaviconFinder */; };
		BEBD27892B723C7300C5128A /* FaviconFinder in Frameworks */ = {isa = PBXBuildFile; productRef = BEBD27882B723C7300C5128A /* FaviconFinder */; };
		BEF486702B676681000A1263 /* FaviconFinder in Frameworks */ = {isa = PBXBuildFile; productRef = BEF4866F2B676681000A1263 /* FaviconFinder */; };
/* End PBXBuildFile section */

/* Begin PBXFileReference section */
		BE638D192B67614E00AA3E60 /* iOSFaviconFinderExample.app */ = {isa = PBXFileReference; explicitFileType = wrapper.application; includeInIndex = 0; path = iOSFaviconFinderExample.app; sourceTree = BUILT_PRODUCTS_DIR; };
		BE638D1C2B67614E00AA3E60 /* iOSFaviconFinderExampleApp.swift */ = {isa = PBXFileReference; lastKnownFileType = sourcecode.swift; path = iOSFaviconFinderExampleApp.swift; sourceTree = "<group>"; };
		BE638D1E2B67614E00AA3E60 /* ContentView.swift */ = {isa = PBXFileReference; lastKnownFileType = sourcecode.swift; path = ContentView.swift; sourceTree = "<group>"; };
		BE638D202B67614F00AA3E60 /* Assets.xcassets */ = {isa = PBXFileReference; lastKnownFileType = folder.assetcatalog; path = Assets.xcassets; sourceTree = "<group>"; };
		BE638D232B67614F00AA3E60 /* Preview Assets.xcassets */ = {isa = PBXFileReference; lastKnownFileType = folder.assetcatalog; path = "Preview Assets.xcassets"; sourceTree = "<group>"; };
/* End PBXFileReference section */

/* Begin PBXFrameworksBuildPhase section */
		BE638D162B67614E00AA3E60 /* Frameworks */ = {
			isa = PBXFrameworksBuildPhase;
			buildActionMask = 2147483647;
			files = (
				BEBD27862B723C3C00C5128A /* FaviconFinder in Frameworks */,
				BE947E7F2B7253BA008977BC /* FaviconFinder in Frameworks */,
				BE638D2C2B6762F600AA3E60 /* FaviconFinder in Frameworks */,
				BEF486702B676681000A1263 /* FaviconFinder in Frameworks */,
				BEBD27892B723C7300C5128A /* FaviconFinder in Frameworks */,
			);
			runOnlyForDeploymentPostprocessing = 0;
		};
/* End PBXFrameworksBuildPhase section */

/* Begin PBXGroup section */
		BE638D102B67614E00AA3E60 = {
			isa = PBXGroup;
			children = (
				BE638D1B2B67614E00AA3E60 /* iOSFaviconFinderExample */,
				BE638D1A2B67614E00AA3E60 /* Products */,
			);
			sourceTree = "<group>";
		};
		BE638D1A2B67614E00AA3E60 /* Products */ = {
			isa = PBXGroup;
			children = (
				BE638D192B67614E00AA3E60 /* iOSFaviconFinderExample.app */,
			);
			name = Products;
			sourceTree = "<group>";
		};
		BE638D1B2B67614E00AA3E60 /* iOSFaviconFinderExample */ = {
			isa = PBXGroup;
			children = (
				BE638D1C2B67614E00AA3E60 /* iOSFaviconFinderExampleApp.swift */,
				BE638D1E2B67614E00AA3E60 /* ContentView.swift */,
				BE638D202B67614F00AA3E60 /* Assets.xcassets */,
				BE638D222B67614F00AA3E60 /* Preview Content */,
			);
			path = iOSFaviconFinderExample;
			sourceTree = "<group>";
		};
		BE638D222B67614F00AA3E60 /* Preview Content */ = {
			isa = PBXGroup;
			children = (
				BE638D232B67614F00AA3E60 /* Preview Assets.xcassets */,
			);
			path = "Preview Content";
			sourceTree = "<group>";
		};
/* End PBXGroup section */

/* Begin PBXNativeTarget section */
		BE638D182B67614E00AA3E60 /* iOSFaviconFinderExample */ = {
			isa = PBXNativeTarget;
			buildConfigurationList = BE638D272B67614F00AA3E60 /* Build configuration list for PBXNativeTarget "iOSFaviconFinderExample" */;
			buildPhases = (
				BE638D152B67614E00AA3E60 /* Sources */,
				BE638D162B67614E00AA3E60 /* Frameworks */,
				BE638D172B67614E00AA3E60 /* Resources */,
			);
			buildRules = (
			);
			dependencies = (
			);
			name = iOSFaviconFinderExample;
			packageProductDependencies = (
				BE638D2B2B6762F600AA3E60 /* FaviconFinder */,
				BEF4866F2B676681000A1263 /* FaviconFinder */,
				BEBD27852B723C3C00C5128A /* FaviconFinder */,
				BEBD27882B723C7300C5128A /* FaviconFinder */,
				BE947E7E2B7253BA008977BC /* FaviconFinder */,
			);
			productName = iOSFaviconFinderExample;
			productReference = BE638D192B67614E00AA3E60 /* iOSFaviconFinderExample.app */;
			productType = "com.apple.product-type.application";
		};
/* End PBXNativeTarget section */

/* Begin PBXProject section */
		BE638D112B67614E00AA3E60 /* Project object */ = {
			isa = PBXProject;
			attributes = {
				BuildIndependentTargetsInParallel = 1;
				LastSwiftUpdateCheck = 1520;
				LastUpgradeCheck = 1520;
				TargetAttributes = {
					BE638D182B67614E00AA3E60 = {
						CreatedOnToolsVersion = 15.2;
					};
				};
			};
			buildConfigurationList = BE638D142B67614E00AA3E60 /* Build configuration list for PBXProject "iOSFaviconFinderExample" */;
			compatibilityVersion = "Xcode 14.0";
			developmentRegion = en;
			hasScannedForEncodings = 0;
			knownRegions = (
				en,
				Base,
			);
			mainGroup = BE638D102B67614E00AA3E60;
			packageReferences = (
				BE947E7D2B7253BA008977BC /* XCLocalSwiftPackageReference ".." */,
			);
			productRefGroup = BE638D1A2B67614E00AA3E60 /* Products */;
			projectDirPath = "";
			projectRoot = "";
			targets = (
				BE638D182B67614E00AA3E60 /* iOSFaviconFinderExample */,
			);
		};
/* End PBXProject section */

/* Begin PBXResourcesBuildPhase section */
		BE638D172B67614E00AA3E60 /* Resources */ = {
			isa = PBXResourcesBuildPhase;
			buildActionMask = 2147483647;
			files = (
				BE638D242B67614F00AA3E60 /* Preview Assets.xcassets in Resources */,
				BE638D212B67614F00AA3E60 /* Assets.xcassets in Resources */,
			);
			runOnlyForDeploymentPostprocessing = 0;
		};
/* End PBXResourcesBuildPhase section */

/* Begin PBXSourcesBuildPhase section */
		BE638D152B67614E00AA3E60 /* Sources */ = {
			isa = PBXSourcesBuildPhase;
			buildActionMask = 2147483647;
			files = (
				BE638D1F2B67614E00AA3E60 /* ContentView.swift in Sources */,
				BE638D1D2B67614E00AA3E60 /* iOSFaviconFinderExampleApp.swift in Sources */,
			);
			runOnlyForDeploymentPostprocessing = 0;
		};
/* End PBXSourcesBuildPhase section */

/* Begin XCBuildConfiguration section */
		BE638D252B67614F00AA3E60 /* Debug */ = {
			isa = XCBuildConfiguration;
			buildSettings = {
				ALWAYS_SEARCH_USER_PATHS = NO;
				ASSETCATALOG_COMPILER_GENERATE_SWIFT_ASSET_SYMBOL_EXTENSIONS = YES;
				CLANG_ANALYZER_NONNULL = YES;
				CLANG_ANALYZER_NUMBER_OBJECT_CONVERSION = YES_AGGRESSIVE;
				CLANG_CXX_LANGUAGE_STANDARD = "gnu++20";
				CLANG_ENABLE_MODULES = YES;
				CLANG_ENABLE_OBJC_ARC = YES;
				CLANG_ENABLE_OBJC_WEAK = YES;
				CLANG_WARN_BLOCK_CAPTURE_AUTORELEASING = YES;
				CLANG_WARN_BOOL_CONVERSION = YES;
				CLANG_WARN_COMMA = YES;
				CLANG_WARN_CONSTANT_CONVERSION = YES;
				CLANG_WARN_DEPRECATED_OBJC_IMPLEMENTATIONS = YES;
				CLANG_WARN_DIRECT_OBJC_ISA_USAGE = YES_ERROR;
				CLANG_WARN_DOCUMENTATION_COMMENTS = YES;
				CLANG_WARN_EMPTY_BODY = YES;
				CLANG_WARN_ENUM_CONVERSION = YES;
				CLANG_WARN_INFINITE_RECURSION = YES;
				CLANG_WARN_INT_CONVERSION = YES;
				CLANG_WARN_NON_LITERAL_NULL_CONVERSION = YES;
				CLANG_WARN_OBJC_IMPLICIT_RETAIN_SELF = YES;
				CLANG_WARN_OBJC_LITERAL_CONVERSION = YES;
				CLANG_WARN_OBJC_ROOT_CLASS = YES_ERROR;
				CLANG_WARN_QUOTED_INCLUDE_IN_FRAMEWORK_HEADER = YES;
				CLANG_WARN_RANGE_LOOP_ANALYSIS = YES;
				CLANG_WARN_STRICT_PROTOTYPES = YES;
				CLANG_WARN_SUSPICIOUS_MOVE = YES;
				CLANG_WARN_UNGUARDED_AVAILABILITY = YES_AGGRESSIVE;
				CLANG_WARN_UNREACHABLE_CODE = YES;
				CLANG_WARN__DUPLICATE_METHOD_MATCH = YES;
				COPY_PHASE_STRIP = NO;
				DEBUG_INFORMATION_FORMAT = dwarf;
				ENABLE_STRICT_OBJC_MSGSEND = YES;
				ENABLE_TESTABILITY = YES;
				ENABLE_USER_SCRIPT_SANDBOXING = YES;
				GCC_C_LANGUAGE_STANDARD = gnu17;
				GCC_DYNAMIC_NO_PIC = NO;
				GCC_NO_COMMON_BLOCKS = YES;
				GCC_OPTIMIZATION_LEVEL = 0;
				GCC_PREPROCESSOR_DEFINITIONS = (
					"DEBUG=1",
					"$(inherited)",
				);
				GCC_WARN_64_TO_32_BIT_CONVERSION = YES;
				GCC_WARN_ABOUT_RETURN_TYPE = YES_ERROR;
				GCC_WARN_UNDECLARED_SELECTOR = YES;
				GCC_WARN_UNINITIALIZED_AUTOS = YES_AGGRESSIVE;
				GCC_WARN_UNUSED_FUNCTION = YES;
				GCC_WARN_UNUSED_VARIABLE = YES;
				IPHONEOS_DEPLOYMENT_TARGET = 17.2;
				LOCALIZATION_PREFERS_STRING_CATALOGS = YES;
				MTL_ENABLE_DEBUG_INFO = INCLUDE_SOURCE;
				MTL_FAST_MATH = YES;
				ONLY_ACTIVE_ARCH = YES;
				SDKROOT = iphoneos;
				SWIFT_ACTIVE_COMPILATION_CONDITIONS = "DEBUG $(inherited)";
				SWIFT_OPTIMIZATION_LEVEL = "-Onone";
			};
			name = Debug;
		};
		BE638D262B67614F00AA3E60 /* Release */ = {
			isa = XCBuildConfiguration;
			buildSettings = {
				ALWAYS_SEARCH_USER_PATHS = NO;
				ASSETCATALOG_COMPILER_GENERATE_SWIFT_ASSET_SYMBOL_EXTENSIONS = YES;
				CLANG_ANALYZER_NONNULL = YES;
				CLANG_ANALYZER_NUMBER_OBJECT_CONVERSION = YES_AGGRESSIVE;
				CLANG_CXX_LANGUAGE_STANDARD = "gnu++20";
				CLANG_ENABLE_MODULES = YES;
				CLANG_ENABLE_OBJC_ARC = YES;
				CLANG_ENABLE_OBJC_WEAK = YES;
				CLANG_WARN_BLOCK_CAPTURE_AUTORELEASING = YES;
				CLANG_WARN_BOOL_CONVERSION = YES;
				CLANG_WARN_COMMA = YES;
				CLANG_WARN_CONSTANT_CONVERSION = YES;
				CLANG_WARN_DEPRECATED_OBJC_IMPLEMENTATIONS = YES;
				CLANG_WARN_DIRECT_OBJC_ISA_USAGE = YES_ERROR;
				CLANG_WARN_DOCUMENTATION_COMMENTS = YES;
				CLANG_WARN_EMPTY_BODY = YES;
				CLANG_WARN_ENUM_CONVERSION = YES;
				CLANG_WARN_INFINITE_RECURSION = YES;
				CLANG_WARN_INT_CONVERSION = YES;
				CLANG_WARN_NON_LITERAL_NULL_CONVERSION = YES;
				CLANG_WARN_OBJC_IMPLICIT_RETAIN_SELF = YES;
				CLANG_WARN_OBJC_LITERAL_CONVERSION = YES;
				CLANG_WARN_OBJC_ROOT_CLASS = YES_ERROR;
				CLANG_WARN_QUOTED_INCLUDE_IN_FRAMEWORK_HEADER = YES;
				CLANG_WARN_RANGE_LOOP_ANALYSIS = YES;
				CLANG_WARN_STRICT_PROTOTYPES = YES;
				CLANG_WARN_SUSPICIOUS_MOVE = YES;
				CLANG_WARN_UNGUARDED_AVAILABILITY = YES_AGGRESSIVE;
				CLANG_WARN_UNREACHABLE_CODE = YES;
				CLANG_WARN__DUPLICATE_METHOD_MATCH = YES;
				COPY_PHASE_STRIP = NO;
				DEBUG_INFORMATION_FORMAT = "dwarf-with-dsym";
				ENABLE_NS_ASSERTIONS = NO;
				ENABLE_STRICT_OBJC_MSGSEND = YES;
				ENABLE_USER_SCRIPT_SANDBOXING = YES;
				GCC_C_LANGUAGE_STANDARD = gnu17;
				GCC_NO_COMMON_BLOCKS = YES;
				GCC_WARN_64_TO_32_BIT_CONVERSION = YES;
				GCC_WARN_ABOUT_RETURN_TYPE = YES_ERROR;
				GCC_WARN_UNDECLARED_SELECTOR = YES;
				GCC_WARN_UNINITIALIZED_AUTOS = YES_AGGRESSIVE;
				GCC_WARN_UNUSED_FUNCTION = YES;
				GCC_WARN_UNUSED_VARIABLE = YES;
				IPHONEOS_DEPLOYMENT_TARGET = 17.2;
				LOCALIZATION_PREFERS_STRING_CATALOGS = YES;
				MTL_ENABLE_DEBUG_INFO = NO;
				MTL_FAST_MATH = YES;
				SDKROOT = iphoneos;
				SWIFT_COMPILATION_MODE = wholemodule;
				VALIDATE_PRODUCT = YES;
			};
			name = Release;
		};
		BE638D282B67614F00AA3E60 /* Debug */ = {
			isa = XCBuildConfiguration;
			buildSettings = {
				ASSETCATALOG_COMPILER_APPICON_NAME = AppIcon;
				ASSETCATALOG_COMPILER_GLOBAL_ACCENT_COLOR_NAME = AccentColor;
				CODE_SIGN_STYLE = Automatic;
				CURRENT_PROJECT_VERSION = 1;
				DEVELOPMENT_ASSET_PATHS = "\"iOSFaviconFinderExample/Preview Content\"";
				DEVELOPMENT_TEAM = 4ELTP9RFTJ;
				ENABLE_PREVIEWS = YES;
				GENERATE_INFOPLIST_FILE = YES;
				INFOPLIST_KEY_UIApplicationSceneManifest_Generation = YES;
				INFOPLIST_KEY_UIApplicationSupportsIndirectInputEvents = YES;
				INFOPLIST_KEY_UILaunchScreen_Generation = YES;
				INFOPLIST_KEY_UISupportedInterfaceOrientations_iPad = "UIInterfaceOrientationPortrait UIInterfaceOrientationPortraitUpsideDown UIInterfaceOrientationLandscapeLeft UIInterfaceOrientationLandscapeRight";
				INFOPLIST_KEY_UISupportedInterfaceOrientations_iPhone = "UIInterfaceOrientationPortrait UIInterfaceOrientationLandscapeLeft UIInterfaceOrientationLandscapeRight";
				LD_RUNPATH_SEARCH_PATHS = (
					"$(inherited)",
					"@executable_path/Frameworks",
				);
				MARKETING_VERSION = 1.0;
				PRODUCT_BUNDLE_IDENTIFIER = com.williamlumley.iOSFaviconFinderExample;
				PRODUCT_NAME = "$(TARGET_NAME)";
				SWIFT_EMIT_LOC_STRINGS = YES;
				SWIFT_VERSION = 5.0;
				TARGETED_DEVICE_FAMILY = "1,2";
			};
			name = Debug;
		};
		BE638D292B67614F00AA3E60 /* Release */ = {
			isa = XCBuildConfiguration;
			buildSettings = {
				ASSETCATALOG_COMPILER_APPICON_NAME = AppIcon;
				ASSETCATALOG_COMPILER_GLOBAL_ACCENT_COLOR_NAME = AccentColor;
				CODE_SIGN_STYLE = Automatic;
				CURRENT_PROJECT_VERSION = 1;
				DEVELOPMENT_ASSET_PATHS = "\"iOSFaviconFinderExample/Preview Content\"";
				DEVELOPMENT_TEAM = 4ELTP9RFTJ;
				ENABLE_PREVIEWS = YES;
				GENERATE_INFOPLIST_FILE = YES;
				INFOPLIST_KEY_UIApplicationSceneManifest_Generation = YES;
				INFOPLIST_KEY_UIApplicationSupportsIndirectInputEvents = YES;
				INFOPLIST_KEY_UILaunchScreen_Generation = YES;
				INFOPLIST_KEY_UISupportedInterfaceOrientations_iPad = "UIInterfaceOrientationPortrait UIInterfaceOrientationPortraitUpsideDown UIInterfaceOrientationLandscapeLeft UIInterfaceOrientationLandscapeRight";
				INFOPLIST_KEY_UISupportedInterfaceOrientations_iPhone = "UIInterfaceOrientationPortrait UIInterfaceOrientationLandscapeLeft UIInterfaceOrientationLandscapeRight";
				LD_RUNPATH_SEARCH_PATHS = (
					"$(inherited)",
					"@executable_path/Frameworks",
				);
				MARKETING_VERSION = 1.0;
				PRODUCT_BUNDLE_IDENTIFIER = com.williamlumley.iOSFaviconFinderExample;
				PRODUCT_NAME = "$(TARGET_NAME)";
				SWIFT_EMIT_LOC_STRINGS = YES;
				SWIFT_VERSION = 5.0;
				TARGETED_DEVICE_FAMILY = "1,2";
			};
			name = Release;
		};
/* End XCBuildConfiguration section */

/* Begin XCConfigurationList section */
		BE638D142B67614E00AA3E60 /* Build configuration list for PBXProject "iOSFaviconFinderExample" */ = {
			isa = XCConfigurationList;
			buildConfigurations = (
				BE638D252B67614F00AA3E60 /* Debug */,
				BE638D262B67614F00AA3E60 /* Release */,
			);
			defaultConfigurationIsVisible = 0;
			defaultConfigurationName = Release;
		};
		BE638D272B67614F00AA3E60 /* Build configuration list for PBXNativeTarget "iOSFaviconFinderExample" */ = {
			isa = XCConfigurationList;
			buildConfigurations = (
				BE638D282B67614F00AA3E60 /* Debug */,
				BE638D292B67614F00AA3E60 /* Release */,
			);
			defaultConfigurationIsVisible = 0;
			defaultConfigurationName = Release;
		};
/* End XCConfigurationList section */

/* Begin XCLocalSwiftPackageReference section */
		BE947E7D2B7253BA008977BC /* XCLocalSwiftPackageReference ".." */ = {
			isa = XCLocalSwiftPackageReference;
			relativePath = ..;
		};
/* End XCLocalSwiftPackageReference section */

/* Begin XCSwiftPackageProductDependency section */
		BE638D2B2B6762F600AA3E60 /* FaviconFinder */ = {
			isa = XCSwiftPackageProductDependency;
			productName = FaviconFinder;
		};
		BE947E7E2B7253BA008977BC /* FaviconFinder */ = {
			isa = XCSwiftPackageProductDependency;
			productName = FaviconFinder;
		};
		BEBD27852B723C3C00C5128A /* FaviconFinder */ = {
			isa = XCSwiftPackageProductDependency;
			productName = FaviconFinder;
		};
		BEBD27882B723C7300C5128A /* FaviconFinder */ = {
			isa = XCSwiftPackageProductDependency;
			productName = FaviconFinder;
		};
		BEF4866F2B676681000A1263 /* FaviconFinder */ = {
			isa = XCSwiftPackageProductDependency;
			productName = FaviconFinder;
		};
/* End XCSwiftPackageProductDependency section */
	};
	rootObject = BE638D112B67614E00AA3E60 /* Project object */;
}
